github.com/fsnotify/fsnotify v1.4.9 h1:hsms1Qyu0jgnwNXIxa+/V/PDsU6CfLf6CNO8H7IWoS4=
github.com/fsnotify/fsnotify v1.4.9/go.mod h1:znqG4EE+3YCdAaPaxE2ZRY/06pZUdp0tY4IgpuI1SZQ=
github.com/klauspost/compress v1.11.3 h1:dB4Bn0tN3wdCzQxnS8r06kV74qN/TAfaIS0bVE8h3jc=
github.com/klauspost/compress v1.11.3/go.mod h1:aoV0uJVorq1K+umq18yTdKaF57EivdYsUV+/s2qKfXs=
github.com/tidwall/tinylru v1.0.2 h1:W4mp7iUz4cnVMqAvWy2zbzC35ASv5sqdyyEjoQKKBFg=
github.com/tidwall/tinylru v1.0.2/go.mod h1:HDVL7TsWeezQ4g44Um84TOVBMFcq7Xa9giqNc805KJ8=
golang.org/x/sys v0.0.0-20191005200804-aed5e4c7ecf9 h1:L2auWcuQIvxz9xSEqzESnV/QN/gNRXNApHi3fYwl2w0=
golang.org/x/sys v0.0.0-20191005200804-aed5e4c7ecf9/go.mod h1:h1NjWce9XRLGQEsW7wpKNCjG9DtNlClVuFLEZdDNbEs=
